
Microsoft Visual Studio Solution File, Format Version 12.00
# Visual Studio Version 16
VisualStudioVersion = 16.0.29926.136
MinimumVisualStudioVersion = 10.0.40219.1
Project("{9A19103F-16F7-4668-BE54-9A1E7A4F7556}") = "PlantCorner", "PlantCorner\PlantCorner.csproj", "{FF3F3258-05C1-4D80-9740-799191F8710B}"
EndProject
Project("{2150E333-8FDC-42A3-9474-1A3956D46DE8}") = "Tests", "Tests", "{5870A8BE-3C20-4F51-979E-6E15D3AAE90B}"
EndProject
Project("{9A19103F-16F7-4668-BE54-9A1E7A4F7556}") = "Test_Plante", "Test\Test_Plante.csproj", "{1890C030-AF84-4A95-8C1B-E29E1346E825}"
EndProject
Project("{9A19103F-16F7-4668-BE54-9A1E7A4F7556}") = "Test_MaPlante", "Test_MaPlante\Test_MaPlante.csproj", "{AC1D1DA5-659F-4214-8CF0-CA341515C3C9}"
EndProject
Project("{9A19103F-16F7-4668-BE54-9A1E7A4F7556}") = "Test_PlanteJeu", "Test_PlanteJeu\Test_PlanteJeu.csproj", "{FE5AF4D9-8AB3-41DA-A7AC-B1EE672077C8}"
EndProject
Project("{9A19103F-16F7-4668-BE54-9A1E7A4F7556}") = "Test_Documentation", "Test_Documentation\Test_Documentation.csproj", "{835ACF9F-E8E1-4883-A0AF-62A057259235}"
EndProject
Project("{9A19103F-16F7-4668-BE54-9A1E7A4F7556}") = "Test_DataContract", "Test_DataContract\Test_DataContract.csproj", "{D369D621-CACE-4F26-8996-14FE79C1B48F}"
EndProject
Project("{9A19103F-16F7-4668-BE54-9A1E7A4F7556}") = "Test_Jardin", "Test_Jardin\Test_Jardin.csproj", "{4DA3D7F7-AA8B-494C-8B13-21913BF21BCA}"
EndProject
Project("{9A19103F-16F7-4668-BE54-9A1E7A4F7556}") = "Test_Accessoire", "Test_Accessoire\Test_Accessoire.csproj", "{CCD2CBD8-1363-42F1-BBD0-C8F2A5E6DB08}"
EndProject
Project("{9A19103F-16F7-4668-BE54-9A1E7A4F7556}") = "Test_Boutique_Accessoire", "Test_Boutique_Accessoire\Test_Boutique_Accessoire.csproj", "{989E160A-FA9E-491E-889D-FAA5880C9199}"
EndProject
Project("{9A19103F-16F7-4668-BE54-9A1E7A4F7556}") = "Test_UnitaireDocumentation", "Test_UnitaireDocumentation\Test_UnitaireDocumentation.csproj", "{2E7D08B0-ADFA-4562-9C4D-BAB0551BA13C}"
EndProject
Project("{9A19103F-16F7-4668-BE54-9A1E7A4F7556}") = "Test_JeuJSON", "Test_JeuJSON\Test_JeuJSON.csproj", "{197A4ABB-8190-49CF-AABB-73049D0B53DF}"
EndProject
Project("{9A19103F-16F7-4668-BE54-9A1E7A4F7556}") = "Modèle.Documentation", "Modèle.Documentation\Modèle.Documentation.csproj", "{B34B7709-A1C3-4D54-9EBB-12D278119988}"
EndProject
Project("{9A19103F-16F7-4668-BE54-9A1E7A4F7556}") = "Modèle.Jeu", "Modèle.Jeu\Modèle.Jeu.csproj", "{D2BED40E-8F88-4B08-BE54-A773E795ED28}"
EndProject
Global
	GlobalSection(SolutionConfigurationPlatforms) = preSolution
		Debug|Any CPU = Debug|Any CPU
		Release|Any CPU = Release|Any CPU
	EndGlobalSection
	GlobalSection(ProjectConfigurationPlatforms) = postSolution
		{FF3F3258-05C1-4D80-9740-799191F8710B}.Debug|Any CPU.ActiveCfg = Debug|Any CPU
		{FF3F3258-05C1-4D80-9740-799191F8710B}.Debug|Any CPU.Build.0 = Debug|Any CPU
		{FF3F3258-05C1-4D80-9740-799191F8710B}.Release|Any CPU.ActiveCfg = Release|Any CPU
		{FF3F3258-05C1-4D80-9740-799191F8710B}.Release|Any CPU.Build.0 = Release|Any CPU
		{1890C030-AF84-4A95-8C1B-E29E1346E825}.Debug|Any CPU.ActiveCfg = Debug|Any CPU
		{1890C030-AF84-4A95-8C1B-E29E1346E825}.Debug|Any CPU.Build.0 = Debug|Any CPU
		{1890C030-AF84-4A95-8C1B-E29E1346E825}.Release|Any CPU.ActiveCfg = Release|Any CPU
		{1890C030-AF84-4A95-8C1B-E29E1346E825}.Release|Any CPU.Build.0 = Release|Any CPU
		{AC1D1DA5-659F-4214-8CF0-CA341515C3C9}.Debug|Any CPU.ActiveCfg = Debug|Any CPU
		{AC1D1DA5-659F-4214-8CF0-CA341515C3C9}.Debug|Any CPU.Build.0 = Debug|Any CPU
		{AC1D1DA5-659F-4214-8CF0-CA341515C3C9}.Release|Any CPU.ActiveCfg = Release|Any CPU
		{AC1D1DA5-659F-4214-8CF0-CA341515C3C9}.Release|Any CPU.Build.0 = Release|Any CPU
		{FE5AF4D9-8AB3-41DA-A7AC-B1EE672077C8}.Debug|Any CPU.ActiveCfg = Debug|Any CPU
		{FE5AF4D9-8AB3-41DA-A7AC-B1EE672077C8}.Debug|Any CPU.Build.0 = Debug|Any CPU
		{FE5AF4D9-8AB3-41DA-A7AC-B1EE672077C8}.Release|Any CPU.ActiveCfg = Release|Any CPU
		{FE5AF4D9-8AB3-41DA-A7AC-B1EE672077C8}.Release|Any CPU.Build.0 = Release|Any CPU
		{835ACF9F-E8E1-4883-A0AF-62A057259235}.Debug|Any CPU.ActiveCfg = Debug|Any CPU
		{835ACF9F-E8E1-4883-A0AF-62A057259235}.Debug|Any CPU.Build.0 = Debug|Any CPU
		{835ACF9F-E8E1-4883-A0AF-62A057259235}.Release|Any CPU.ActiveCfg = Release|Any CPU
		{835ACF9F-E8E1-4883-A0AF-62A057259235}.Release|Any CPU.Build.0 = Release|Any CPU
		{D369D621-CACE-4F26-8996-14FE79C1B48F}.Debug|Any CPU.ActiveCfg = Debug|Any CPU
		{D369D621-CACE-4F26-8996-14FE79C1B48F}.Debug|Any CPU.Build.0 = Debug|Any CPU
		{D369D621-CACE-4F26-8996-14FE79C1B48F}.Release|Any CPU.ActiveCfg = Release|Any CPU
		{D369D621-CACE-4F26-8996-14FE79C1B48F}.Release|Any CPU.Build.0 = Release|Any CPU
		{4DA3D7F7-AA8B-494C-8B13-21913BF21BCA}.Debug|Any CPU.ActiveCfg = Debug|Any CPU
		{4DA3D7F7-AA8B-494C-8B13-21913BF21BCA}.Debug|Any CPU.Build.0 = Debug|Any CPU
		{4DA3D7F7-AA8B-494C-8B13-21913BF21BCA}.Release|Any CPU.ActiveCfg = Release|Any CPU
		{4DA3D7F7-AA8B-494C-8B13-21913BF21BCA}.Release|Any CPU.Build.0 = Release|Any CPU
		{CCD2CBD8-1363-42F1-BBD0-C8F2A5E6DB08}.Debug|Any CPU.ActiveCfg = Debug|Any CPU
		{CCD2CBD8-1363-42F1-BBD0-C8F2A5E6DB08}.Debug|Any CPU.Build.0 = Debug|Any CPU
		{CCD2CBD8-1363-42F1-BBD0-C8F2A5E6DB08}.Release|Any CPU.ActiveCfg = Release|Any CPU
		{CCD2CBD8-1363-42F1-BBD0-C8F2A5E6DB08}.Release|Any CPU.Build.0 = Release|Any CPU
		{989E160A-FA9E-491E-889D-FAA5880C9199}.Debug|Any CPU.ActiveCfg = Debug|Any CPU
		{989E160A-FA9E-491E-889D-FAA5880C9199}.Debug|Any CPU.Build.0 = Debug|Any CPU
		{989E160A-FA9E-491E-889D-FAA5880C9199}.Release|Any CPU.ActiveCfg = Release|Any CPU
		{989E160A-FA9E-491E-889D-FAA5880C9199}.Release|Any CPU.Build.0 = Release|Any CPU
		{2E7D08B0-ADFA-4562-9C4D-BAB0551BA13C}.Debug|Any CPU.ActiveCfg = Debug|Any CPU
		{2E7D08B0-ADFA-4562-9C4D-BAB0551BA13C}.Debug|Any CPU.Build.0 = Debug|Any CPU
		{2E7D08B0-ADFA-4562-9C4D-BAB0551BA13C}.Release|Any CPU.ActiveCfg = Release|Any CPU
		{2E7D08B0-ADFA-4562-9C4D-BAB0551BA13C}.Release|Any CPU.Build.0 = Release|Any CPU
		{197A4ABB-8190-49CF-AABB-73049D0B53DF}.Debug|Any CPU.ActiveCfg = Debug|Any CPU
		{197A4ABB-8190-49CF-AABB-73049D0B53DF}.Debug|Any CPU.Build.0 = Debug|Any CPU
		{197A4ABB-8190-49CF-AABB-73049D0B53DF}.Release|Any CPU.ActiveCfg = Release|Any CPU
		{197A4ABB-8190-49CF-AABB-73049D0B53DF}.Release|Any CPU.Build.0 = Release|Any CPU
		{B34B7709-A1C3-4D54-9EBB-12D278119988}.Debug|Any CPU.ActiveCfg = Debug|Any CPU
		{B34B7709-A1C3-4D54-9EBB-12D278119988}.Debug|Any CPU.Build.0 = Debug|Any CPU
		{B34B7709-A1C3-4D54-9EBB-12D278119988}.Release|Any CPU.ActiveCfg = Release|Any CPU
		{B34B7709-A1C3-4D54-9EBB-12D278119988}.Release|Any CPU.Build.0 = Release|Any CPU
		{D2BED40E-8F88-4B08-BE54-A773E795ED28}.Debug|Any CPU.ActiveCfg = Debug|Any CPU
		{D2BED40E-8F88-4B08-BE54-A773E795ED28}.Debug|Any CPU.Build.0 = Debug|Any CPU
		{D2BED40E-8F88-4B08-BE54-A773E795ED28}.Release|Any CPU.ActiveCfg = Release|Any CPU
		{D2BED40E-8F88-4B08-BE54-A773E795ED28}.Release|Any CPU.Build.0 = Release|Any CPU
	EndGlobalSection
	GlobalSection(SolutionProperties) = preSolution
		HideSolutionNode = FALSE
	EndGlobalSection
	GlobalSection(NestedProjects) = preSolution
		{1890C030-AF84-4A95-8C1B-E29E1346E825} = {5870A8BE-3C20-4F51-979E-6E15D3AAE90B}
		{AC1D1DA5-659F-4214-8CF0-CA341515C3C9} = {5870A8BE-3C20-4F51-979E-6E15D3AAE90B}
		{FE5AF4D9-8AB3-41DA-A7AC-B1EE672077C8} = {5870A8BE-3C20-4F51-979E-6E15D3AAE90B}
		{835ACF9F-E8E1-4883-A0AF-62A057259235} = {5870A8BE-3C20-4F51-979E-6E15D3AAE90B}
		{D369D621-CACE-4F26-8996-14FE79C1B48F} = {5870A8BE-3C20-4F51-979E-6E15D3AAE90B}
		{4DA3D7F7-AA8B-494C-8B13-21913BF21BCA} = {5870A8BE-3C20-4F51-979E-6E15D3AAE90B}
		{CCD2CBD8-1363-42F1-BBD0-C8F2A5E6DB08} = {5870A8BE-3C20-4F51-979E-6E15D3AAE90B}
		{989E160A-FA9E-491E-889D-FAA5880C9199} = {5870A8BE-3C20-4F51-979E-6E15D3AAE90B}
		{2E7D08B0-ADFA-4562-9C4D-BAB0551BA13C} = {5870A8BE-3C20-4F51-979E-6E15D3AAE90B}
		{197A4ABB-8190-49CF-AABB-73049D0B53DF} = {5870A8BE-3C20-4F51-979E-6E15D3AAE90B}
	EndGlobalSection
	GlobalSection(ExtensibilityGlobals) = postSolution
		SolutionGuid = {4E6891A9-D795-4ED8-87EF-BEB14733B911}
	EndGlobalSection
EndGlobal
